
Microsoft Visual Studio Solution File, Format Version 12.00
# Visual Studio Version 17
VisualStudioVersion = 17.6.33829.357
MinimumVisualStudioVersion = 10.0.40219.1
Project("{9A19103F-16F7-4668-BE54-9A1E7A4F7556}") = "MSIT51BT-ASP", "MSIT51BT-ASP\MSIT51BT-ASP.csproj", "{74F0B049-9485-40A2-8AED-BC0EAFF960FA}"
EndProject
Global
	GlobalSection(SolutionConfigurationPlatforms) = preSolution
		Debug|Any CPU = Debug|Any CPU
		Release|Any CPU = Release|Any CPU
	EndGlobalSection
	GlobalSection(ProjectConfigurationPlatforms) = postSolution
		{74F0B049-9485-40A2-8AED-BC0EAFF960FA}.Debug|Any CPU.ActiveCfg = Debug|Any CPU
		{74F0B049-9485-40A2-8AED-BC0EAFF960FA}.Debug|Any CPU.Build.0 = Debug|Any CPU
		{74F0B049-9485-40A2-8AED-BC0EAFF960FA}.Release|Any CPU.ActiveCfg = Release|Any CPU
		{74F0B049-9485-40A2-8AED-BC0EAFF960FA}.Release|Any CPU.Build.0 = Release|Any CPU
	EndGlobalSection
	GlobalSection(SolutionProperties) = preSolution
		HideSolutionNode = FALSE
	EndGlobalSection
	GlobalSection(ExtensibilityGlobals) = postSolution
		SolutionGuid = {B7C31992-CCBB-44F2-AF53-0B785FC4870B}
	EndGlobalSection
EndGlobal
